
Microsoft Visual Studio Solution File, Format Version 12.00
# Visual Studio Version 17
VisualStudioVersion = 17.10.35122.118
MinimumVisualStudioVersion = 10.0.40219.1
Project("{F184B08F-C81C-45F6-A57F-5ABD9991F28F}") = "WPF DEX", "WPF DEX\WPF DEX.vbproj", "{415C9E6A-5448-45DC-953E-611D585D09D1}"
EndProject
Global
	GlobalSection(SolutionConfigurationPlatforms) = preSolution
		Debug|Any CPU = Debug|Any CPU
		Release|Any CPU = Release|Any CPU
	EndGlobalSection
	GlobalSection(ProjectConfigurationPlatforms) = postSolution
		{415C9E6A-5448-45DC-953E-611D585D09D1}.Debug|Any CPU.ActiveCfg = Debug|Any CPU
		{415C9E6A-5448-45DC-953E-611D585D09D1}.Debug|Any CPU.Build.0 = Debug|Any CPU
		{415C9E6A-5448-45DC-953E-611D585D09D1}.Release|Any CPU.ActiveCfg = Release|Any CPU
		{415C9E6A-5448-45DC-953E-611D585D09D1}.Release|Any CPU.Build.0 = Release|Any CPU
	EndGlobalSection
	GlobalSection(SolutionProperties) = preSolution
		HideSolutionNode = FALSE
	EndGlobalSection
	GlobalSection(ExtensibilityGlobals) = postSolution
		SolutionGuid = {07F1775F-3FBB-491B-900B-006DEB5DCF65}
	EndGlobalSection
EndGlobal
