
Microsoft Visual Studio Solution File, Format Version 12.00
# Visual Studio Version 17
VisualStudioVersion = 17.10.35122.118
MinimumVisualStudioVersion = 10.0.40219.1
Project("{F184B08F-C81C-45F6-A57F-5ABD9991F28F}") = "tetrissssssssssss", "tetrissssssssssss\tetrissssssssssss.vbproj", "{D6DD7A4A-2CE8-48FF-A754-3741C8FDE3A8}"
EndProject
Global
	GlobalSection(SolutionConfigurationPlatforms) = preSolution
		Debug|Any CPU = Debug|Any CPU
		Release|Any CPU = Release|Any CPU
	EndGlobalSection
	GlobalSection(ProjectConfigurationPlatforms) = postSolution
		{D6DD7A4A-2CE8-48FF-A754-3741C8FDE3A8}.Debug|Any CPU.ActiveCfg = Debug|Any CPU
		{D6DD7A4A-2CE8-48FF-A754-3741C8FDE3A8}.Debug|Any CPU.Build.0 = Debug|Any CPU
		{D6DD7A4A-2CE8-48FF-A754-3741C8FDE3A8}.Release|Any CPU.ActiveCfg = Release|Any CPU
		{D6DD7A4A-2CE8-48FF-A754-3741C8FDE3A8}.Release|Any CPU.Build.0 = Release|Any CPU
	EndGlobalSection
	GlobalSection(SolutionProperties) = preSolution
		HideSolutionNode = FALSE
	EndGlobalSection
	GlobalSection(ExtensibilityGlobals) = postSolution
		SolutionGuid = {8982F49E-7A92-43E8-B933-E7DB81EE865C}
	EndGlobalSection
EndGlobal
